
Microsoft Visual Studio Solution File, Format Version 12.00
# Visual Studio Version 16
VisualStudioVersion = 16.0.30014.187
MinimumVisualStudioVersion = 10.0.40219.1
Project("{9A19103F-16F7-4668-BE54-9A1E7A4F7556}") = "PFW_OfficialHub", "PFW_OfficialHub\PFW_OfficialHub.csproj", "{0E002731-FCCE-421C-990B-B573C89E9B17}"
EndProject
Project("{9A19103F-16F7-4668-BE54-9A1E7A4F7556}") = "Shared", "Shared\Shared.csproj", "{53EC3B41-E2F6-4D3F-A92E-C61C487A8309}"
EndProject
Project("{9A19103F-16F7-4668-BE54-9A1E7A4F7556}") = "Telepathy", "Telepathy\Telepathy.csproj", "{1EF4BE0F-322C-4475-A56C-08F1F3C09DDD}"
EndProject
Global
	GlobalSection(SolutionConfigurationPlatforms) = preSolution
		Debug|Any CPU = Debug|Any CPU
		Release|Any CPU = Release|Any CPU
	EndGlobalSection
	GlobalSection(ProjectConfigurationPlatforms) = postSolution
		{0E002731-FCCE-421C-990B-B573C89E9B17}.Debug|Any CPU.ActiveCfg = Debug|Any CPU
		{0E002731-FCCE-421C-990B-B573C89E9B17}.Debug|Any CPU.Build.0 = Debug|Any CPU
		{0E002731-FCCE-421C-990B-B573C89E9B17}.Release|Any CPU.ActiveCfg = Release|Any CPU
		{0E002731-FCCE-421C-990B-B573C89E9B17}.Release|Any CPU.Build.0 = Release|Any CPU
		{53EC3B41-E2F6-4D3F-A92E-C61C487A8309}.Debug|Any CPU.ActiveCfg = Debug|Any CPU
		{53EC3B41-E2F6-4D3F-A92E-C61C487A8309}.Debug|Any CPU.Build.0 = Debug|Any CPU
		{53EC3B41-E2F6-4D3F-A92E-C61C487A8309}.Release|Any CPU.ActiveCfg = Release|Any CPU
		{53EC3B41-E2F6-4D3F-A92E-C61C487A8309}.Release|Any CPU.Build.0 = Release|Any CPU
		{1EF4BE0F-322C-4475-A56C-08F1F3C09DDD}.Debug|Any CPU.ActiveCfg = Debug|Any CPU
		{1EF4BE0F-322C-4475-A56C-08F1F3C09DDD}.Debug|Any CPU.Build.0 = Debug|Any CPU
		{1EF4BE0F-322C-4475-A56C-08F1F3C09DDD}.Release|Any CPU.ActiveCfg = Release|Any CPU
		{1EF4BE0F-322C-4475-A56C-08F1F3C09DDD}.Release|Any CPU.Build.0 = Release|Any CPU
	EndGlobalSection
	GlobalSection(SolutionProperties) = preSolution
		HideSolutionNode = FALSE
	EndGlobalSection
	GlobalSection(ExtensibilityGlobals) = postSolution
		SolutionGuid = {B8522EB5-0292-4C92-8FDF-35CE4C931734}
	EndGlobalSection
EndGlobal
